
Microsoft Visual Studio Solution File, Format Version 12.00
# Visual Studio 15
VisualStudioVersion = 15.0.27703.2042
MinimumVisualStudioVersion = 10.0.40219.1
Project("{FAE04EC0-301F-11D3-BF4B-00C04F79EFBC}") = "LanguageExt-Training", "LanguageExt-Training\LanguageExt-Training.csproj", "{C7460057-7007-4D9A-BE13-2B1F8FFC8928}"
EndProject
Global
	GlobalSection(SolutionConfigurationPlatforms) = preSolution
		Debug|Any CPU = Debug|Any CPU
		Release|Any CPU = Release|Any CPU
	EndGlobalSection
	GlobalSection(ProjectConfigurationPlatforms) = postSolution
		{C7460057-7007-4D9A-BE13-2B1F8FFC8928}.Debug|Any CPU.ActiveCfg = Debug|Any CPU
		{C7460057-7007-4D9A-BE13-2B1F8FFC8928}.Debug|Any CPU.Build.0 = Debug|Any CPU
		{C7460057-7007-4D9A-BE13-2B1F8FFC8928}.Release|Any CPU.ActiveCfg = Release|Any CPU
		{C7460057-7007-4D9A-BE13-2B1F8FFC8928}.Release|Any CPU.Build.0 = Release|Any CPU
	EndGlobalSection
	GlobalSection(SolutionProperties) = preSolution
		HideSolutionNode = FALSE
	EndGlobalSection
	GlobalSection(ExtensibilityGlobals) = postSolution
		SolutionGuid = {A377FEF3-A611-496B-8423-FCD60DF36DBD}
	EndGlobalSection
EndGlobal
